{
  "lockfileVersion": 1,
  "configVersion": 1,
  "workspaces": {
    "": {
      "dependencies": {
        "re2js": "^1.2.3",
      },
    },
  },
  "packages": {
    "re2js": ["re2js@1.2.3", "", {}, "sha512-M2/7k8LkP+LmB/muGZXvAHiwhgwqq0Ign2UHCZkea39nHOakeixyMSfb7rql7N/6u5PTS+IpP2MKfRLJ4fed0g=="],
  }
}
