version = 1
revision = 3
requires-python = ">=3.14"

[[package]]
name = "bottle"
version = "0.13.4"
source = { registry = "https://pypi.org/simple" }
sdist = { url = "https://files.pythonhosted.org/packages/7a/71/cca6167c06d00c81375fd668719df245864076d284f7cb46a694cbeb5454/bottle-0.13.4.tar.gz", hash = "sha256:787e78327e12b227938de02248333d788cfe45987edca735f8f88e03472c3f47", size = 98717, upload-time = "2025-06-15T10:08:59.439Z" }
wheels = [
    { url = "https://files.pythonhosted.org/packages/83/f6/b55ec74cfe68c6584163faa311503c20b0da4c09883a41e8e00d6726c954/bottle-0.13.4-py2.py3-none-any.whl", hash = "sha256:045684fbd2764eac9cdeb824861d1551d113e8b683d8d26e296898d3dd99a12e", size = 103807, upload-time = "2025-06-15T10:08:57.691Z" },
]

[[package]]
name = "cffi"
version = "2.0.0"
source = { registry = "https://pypi.org/simple" }
dependencies = [
    { name = "pycparser", marker = "implementation_name != 'PyPy'" },
]
sdist = { url = "https://files.pythonhosted.org/packages/eb/56/b1ba7935a17738ae8453301356628e8147c79dbb825bcbc73dc7401f9846/cffi-2.0.0.tar.gz", hash = "sha256:44d1b5909021139fe36001ae048dbdde8214afa20200eda0f64c068cac5d5529", size = 523588, upload-time = "2025-09-08T23:24:04.541Z" }
wheels = [
    { url = "https://files.pythonhosted.org/packages/3e/aa/df335faa45b395396fcbc03de2dfcab242cd61a9900e914fe682a59170b1/cffi-2.0.0-cp314-cp314-win32.whl", hash = "sha256:087067fa8953339c723661eda6b54bc98c5625757ea62e95eb4898ad5e776e9f", size = 175328, upload-time = "2025-09-08T23:23:44.61Z" },
    { url = "https://files.pythonhosted.org/packages/bb/92/882c2d30831744296ce713f0feb4c1cd30f346ef747b530b5318715cc367/cffi-2.0.0-cp314-cp314-win_amd64.whl", hash = "sha256:203a48d1fb583fc7d78a4c6655692963b860a417c0528492a6bc21f1aaefab25", size = 185650, upload-time = "2025-09-08T23:23:45.848Z" },
    { url = "https://files.pythonhosted.org/packages/9f/2c/98ece204b9d35a7366b5b2c6539c350313ca13932143e79dc133ba757104/cffi-2.0.0-cp314-cp314-win_arm64.whl", hash = "sha256:dbd5c7a25a7cb98f5ca55d258b103a2054f859a46ae11aaf23134f9cc0d356ad", size = 180687, upload-time = "2025-09-08T23:23:47.105Z" },
    { url = "https://files.pythonhosted.org/packages/a0/1d/ec1a60bd1a10daa292d3cd6bb0b359a81607154fb8165f3ec95fe003b85c/cffi-2.0.0-cp314-cp314t-win32.whl", hash = "sha256:1fc9ea04857caf665289b7a75923f2c6ed559b8298a1b8c49e59f7dd95c8481e", size = 180487, upload-time = "2025-09-08T23:23:40.423Z" },
    { url = "https://files.pythonhosted.org/packages/bf/41/4c1168c74fac325c0c8156f04b6749c8b6a8f405bbf91413ba088359f60d/cffi-2.0.0-cp314-cp314t-win_amd64.whl", hash = "sha256:d68b6cef7827e8641e8ef16f4494edda8b36104d79773a334beaa1e3521430f6", size = 191726, upload-time = "2025-09-08T23:23:41.742Z" },
    { url = "https://files.pythonhosted.org/packages/ae/3a/dbeec9d1ee0844c679f6bb5d6ad4e9f198b1224f4e7a32825f47f6192b0c/cffi-2.0.0-cp314-cp314t-win_arm64.whl", hash = "sha256:0a1527a803f0a659de1af2e1fd700213caba79377e27e4693648c2923da066f9", size = 184195, upload-time = "2025-09-08T23:23:43.004Z" },
]

[[package]]
name = "clr-loader"
version = "0.2.10"
source = { registry = "https://pypi.org/simple" }
dependencies = [
    { name = "cffi" },
]
sdist = { url = "https://files.pythonhosted.org/packages/18/24/c12faf3f61614b3131b5c98d3bf0d376b49c7feaa73edca559aeb2aee080/clr_loader-0.2.10.tar.gz", hash = "sha256:81f114afbc5005bafc5efe5af1341d400e22137e275b042a8979f3feb9fc9446", size = 83605, upload-time = "2026-01-03T23:13:06.984Z" }
wheels = [
    { url = "https://files.pythonhosted.org/packages/c8/61/cf819f8e8bb4d4c74661acf2498ba8d4a296714be3478d21eaabf64f5b9b/clr_loader-0.2.10-py3-none-any.whl", hash = "sha256:ebbbf9d511a7fe95fa28a95a4e04cd195b097881dfe66158dc2c281d3536f282", size = 56483, upload-time = "2026-01-03T23:13:05.439Z" },
]

[[package]]
name = "hyprui"
version = "0.6.2"
source = { virtual = "." }
dependencies = [
    { name = "packaging" },
    { name = "pywebview", extra = ["gtk", "qt"] },
    { name = "rich" },
    { name = "tomlkit" },
]

[package.metadata]
requires-dist = [
    { name = "packaging", specifier = ">=25.0" },
    { name = "pywebview", extras = ["gtk", "qt"], specifier = ">=6.1" },
    { name = "rich", specifier = ">=14.2.0" },
    { name = "tomlkit", specifier = ">=0.13.3" },
]

[[package]]
name = "markdown-it-py"
version = "4.0.0"
source = { registry = "https://pypi.org/simple" }
dependencies = [
    { name = "mdurl" },
]
sdist = { url = "https://files.pythonhosted.org/packages/5b/f5/4ec618ed16cc4f8fb3b701563655a69816155e79e24a17b651541804721d/markdown_it_py-4.0.0.tar.gz", hash = "sha256:cb0a2b4aa34f932c007117b194e945bd74e0ec24133ceb5bac59009cda1cb9f3", size = 73070, upload-time = "2025-08-11T12:57:52.854Z" }
wheels = [
    { url = "https://files.pythonhosted.org/packages/94/54/e7d793b573f298e1c9013b8c4dade17d481164aa517d1d7148619c2cedbf/markdown_it_py-4.0.0-py3-none-any.whl", hash = "sha256:87327c59b172c5011896038353a81343b6754500a08cd7a4973bb48c6d578147", size = 87321, upload-time = "2025-08-11T12:57:51.923Z" },
]

[[package]]
name = "mdurl"
version = "0.1.2"
source = { registry = "https://pypi.org/simple" }
sdist = { url = "https://files.pythonhosted.org/packages/d6/54/cfe61301667036ec958cb99bd3efefba235e65cdeb9c84d24a8293ba1d90/mdurl-0.1.2.tar.gz", hash = "sha256:bb413d29f5eea38f31dd4754dd7377d4465116fb207585f97bf925588687c1ba", size = 8729, upload-time = "2022-08-14T12:40:10.846Z" }
wheels = [
    { url = "https://files.pythonhosted.org/packages/b3/38/89ba8ad64ae25be8de66a6d463314cf1eb366222074cfda9ee839c56a4b4/mdurl-0.1.2-py3-none-any.whl", hash = "sha256:84008a41e51615a49fc9966191ff91509e3c40b939176e643fd50a5c2196b8f8", size = 9979, upload-time = "2022-08-14T12:40:09.779Z" },
]

[[package]]
name = "packaging"
version = "25.0"
source = { registry = "https://pypi.org/simple" }
sdist = { url = "https://files.pythonhosted.org/packages/a1/d4/1fc4078c65507b51b96ca8f8c3ba19e6a61c8253c72794544580a7b6c24d/packaging-25.0.tar.gz", hash = "sha256:d443872c98d677bf60f6a1f2f8c1cb748e8fe762d2bf9d3148b5599295b0fc4f", size = 165727, upload-time = "2025-04-19T11:48:59.673Z" }
wheels = [
    { url = "https://files.pythonhosted.org/packages/20/12/38679034af332785aac8774540895e234f4d07f7545804097de4b666afd8/packaging-25.0-py3-none-any.whl", hash = "sha256:29572ef2b1f17581046b3a2227d5c611fb25ec70ca1ba8554b24b0e69331a484", size = 66469, upload-time = "2025-04-19T11:48:57.875Z" },
]

[[package]]
name = "proxy-tools"
version = "0.1.0"
source = { registry = "https://pypi.org/simple" }
sdist = { url = "https://files.pythonhosted.org/packages/f2/cf/77d3e19b7fabd03895caca7857ef51e4c409e0ca6b37ee6e9f7daa50b642/proxy_tools-0.1.0.tar.gz", hash = "sha256:ccb3751f529c047e2d8a58440d86b205303cf0fe8146f784d1cbcd94f0a28010", size = 2978, upload-time = "2014-05-05T21:02:24.606Z" }

[[package]]
name = "pycairo"
version = "1.29.0"
source = { registry = "https://pypi.org/simple" }
sdist = { url = "https://files.pythonhosted.org/packages/22/d9/1728840a22a4ef8a8f479b9156aa2943cd98c3907accd3849fb0d5f82bfd/pycairo-1.29.0.tar.gz", hash = "sha256:f3f7fde97325cae80224c09f12564ef58d0d0f655da0e3b040f5807bd5bd3142", size = 665871, upload-time = "2025-11-11T19:13:01.584Z" }
wheels = [
    { url = "https://files.pythonhosted.org/packages/2d/fa/87eaeeb9d53344c769839d7b2854db7ff2cd596211e00dd1b702eeb1838f/pycairo-1.29.0-cp314-cp314-win32.whl", hash = "sha256:69e2a7968a3fbb839736257bae153f547bca787113cc8d21e9e08ca4526e0b6b", size = 767198, upload-time = "2025-11-11T19:12:42.336Z" },
    { url = "https://files.pythonhosted.org/packages/3c/90/3564d0f64d0a00926ab863dc3c4a129b1065133128e96900772e1c4421f8/pycairo-1.29.0-cp314-cp314-win_amd64.whl", hash = "sha256:e91243437a21cc4c67c401eff4433eadc45745275fa3ade1a0d877e50ffb90da", size = 871579, upload-time = "2025-11-11T19:12:48.982Z" },
    { url = "https://files.pythonhosted.org/packages/5e/91/93632b6ba12ad69c61991e3208bde88486fdfc152be8cfdd13444e9bc650/pycairo-1.29.0-cp314-cp314-win_arm64.whl", hash = "sha256:b72200ea0e5f73ae4c788cd2028a750062221385eb0e6d8f1ecc714d0b4fdf82", size = 719537, upload-time = "2025-11-11T19:12:55.016Z" },
    { url = "https://files.pythonhosted.org/packages/93/23/37053c039f8d3b9b5017af9bc64d27b680c48a898d48b72e6d6583cf0155/pycairo-1.29.0-cp314-cp314t-win_amd64.whl", hash = "sha256:5e45fce6185f553e79e4ef1722b8e98e6cde9900dbc48cb2637a9ccba86f627a", size = 874015, upload-time = "2025-11-11T19:12:28.47Z" },
    { url = "https://files.pythonhosted.org/packages/d7/54/123f6239685f5f3f2edc123f1e38d2eefacebee18cf3c532d2f4bd51d0ef/pycairo-1.29.0-cp314-cp314t-win_arm64.whl", hash = "sha256:caba0837a4b40d47c8dfb0f24cccc12c7831e3dd450837f2a356c75f21ce5a15", size = 721404, upload-time = "2025-11-11T19:12:36.919Z" },
]

[[package]]
name = "pycparser"
version = "2.23"
source = { registry = "https://pypi.org/simple" }
sdist = { url = "https://files.pythonhosted.org/packages/fe/cf/d2d3b9f5699fb1e4615c8e32ff220203e43b248e1dfcc6736ad9057731ca/pycparser-2.23.tar.gz", hash = "sha256:78816d4f24add8f10a06d6f05b4d424ad9e96cfebf68a4ddc99c65c0720d00c2", size = 173734, upload-time = "2025-09-09T13:23:47.91Z" }
wheels = [
    { url = "https://files.pythonhosted.org/packages/a0/e3/59cd50310fc9b59512193629e1984c1f95e5c8ae6e5d8c69532ccc65a7fe/pycparser-2.23-py3-none-any.whl", hash = "sha256:e5c6e8d3fbad53479cab09ac03729e0a9faf2bee3db8208a550daf5af81a5934", size = 118140, upload-time = "2025-09-09T13:23:46.651Z" },
]

[[package]]
name = "pygments"
version = "2.19.2"
source = { registry = "https://pypi.org/simple" }
sdist = { url = "https://files.pythonhosted.org/packages/b0/77/a5b8c569bf593b0140bde72ea885a803b82086995367bf2037de0159d924/pygments-2.19.2.tar.gz", hash = "sha256:636cb2477cec7f8952536970bc533bc43743542f70392ae026374600add5b887", size = 4968631, upload-time = "2025-06-21T13:39:12.283Z" }
wheels = [
    { url = "https://files.pythonhosted.org/packages/c7/21/705964c7812476f378728bdf590ca4b771ec72385c533964653c68e86bdc/pygments-2.19.2-py3-none-any.whl", hash = "sha256:86540386c03d588bb81d44bc3928634ff26449851e99741617ecb9037ee5ec0b", size = 1225217, upload-time = "2025-06-21T13:39:07.939Z" },
]

[[package]]
name = "pygobject"
version = "3.50.0"
source = { registry = "https://pypi.org/simple" }
dependencies = [
    { name = "pycairo" },
]
sdist = { url = "https://files.pythonhosted.org/packages/2b/58/d34e67a79631177e3c08e7d02b5165147f590171f2cae6769502af5f7f7e/pygobject-3.50.0.tar.gz", hash = "sha256:4500ad3dbf331773d8dedf7212544c999a76fc96b63a91b3dcac1e5925a1d103", size = 1080367, upload-time = "2024-09-12T12:05:22.579Z" }

[[package]]
name = "pygobject-stubs"
version = "2.16.0"
source = { registry = "https://pypi.org/simple" }
dependencies = [
    { name = "typing-extensions" },
]
sdist = { url = "https://files.pythonhosted.org/packages/2d/1c/317ccaaa6a3ddce270652781cf09d3b1d5d343b1a1dabca304fe5c218474/pygobject_stubs-2.16.0.tar.gz", hash = "sha256:a97574616e92ef458605f9520d8d9db4c2a131affcd12fdd51db0b42395291e9", size = 934833, upload-time = "2025-12-08T20:33:33.876Z" }

[[package]]
name = "pyobjc-core"
version = "12.1"
source = { registry = "https://pypi.org/simple" }
sdist = { url = "https://files.pythonhosted.org/packages/b8/b6/d5612eb40be4fd5ef88c259339e6313f46ba67577a95d86c3470b951fce0/pyobjc_core-12.1.tar.gz", hash = "sha256:2bb3903f5387f72422145e1466b3ac3f7f0ef2e9960afa9bcd8961c5cbf8bd21", size = 1000532, upload-time = "2025-11-14T10:08:28.292Z" }
wheels = [
    { url = "https://files.pythonhosted.org/packages/25/98/9f4ed07162de69603144ff480be35cd021808faa7f730d082b92f7ebf2b5/pyobjc_core-12.1-cp314-cp314-macosx_10_15_universal2.whl", hash = "sha256:844515f5d86395b979d02152576e7dee9cc679acc0b32dc626ef5bda315eaa43", size = 670164, upload-time = "2025-11-14T09:34:37.458Z" },
    { url = "https://files.pythonhosted.org/packages/62/50/dc076965c96c7f0de25c0a32b7f8aa98133ed244deaeeacfc758783f1f30/pyobjc_core-12.1-cp314-cp314t-macosx_10_15_universal2.whl", hash = "sha256:453b191df1a4b80e756445b935491b974714456ae2cbae816840bd96f86db882", size = 712204, upload-time = "2025-11-14T09:35:24.148Z" },
]

[[package]]
name = "pyobjc-framework-cocoa"
version = "12.1"
source = { registry = "https://pypi.org/simple" }
dependencies = [
    { name = "pyobjc-core" },
]
sdist = { url = "https://files.pythonhosted.org/packages/02/a3/16ca9a15e77c061a9250afbae2eae26f2e1579eb8ca9462ae2d2c71e1169/pyobjc_framework_cocoa-12.1.tar.gz", hash = "sha256:5556c87db95711b985d5efdaaf01c917ddd41d148b1e52a0c66b1a2e2c5c1640", size = 2772191, upload-time = "2025-11-14T10:13:02.069Z" }
wheels = [
    { url = "https://files.pythonhosted.org/packages/59/bb/f777cc9e775fc7dae77b569254570fe46eb842516b3e4fe383ab49eab598/pyobjc_framework_cocoa-12.1-cp314-cp314-macosx_10_15_universal2.whl", hash = "sha256:03342a60fc0015bcdf9b93ac0b4f457d3938e9ef761b28df9564c91a14f0129a", size = 384932, upload-time = "2025-11-14T09:42:29.771Z" },
    { url = "https://files.pythonhosted.org/packages/58/27/b457b7b37089cad692c8aada90119162dfb4c4a16f513b79a8b2b022b33b/pyobjc_framework_cocoa-12.1-cp314-cp314t-macosx_10_15_universal2.whl", hash = "sha256:6ba1dc1bfa4da42d04e93d2363491275fb2e2be5c20790e561c8a9e09b8cf2cc", size = 388970, upload-time = "2025-11-14T09:42:53.964Z" },
]

[[package]]
name = "pyobjc-framework-quartz"
version = "12.1"
source = { registry = "https://pypi.org/simple" }
dependencies = [
    { name = "pyobjc-core" },
    { name = "pyobjc-framework-cocoa" },
]
sdist = { url = "https://files.pythonhosted.org/packages/94/18/cc59f3d4355c9456fc945eae7fe8797003c4da99212dd531ad1b0de8a0c6/pyobjc_framework_quartz-12.1.tar.gz", hash = "sha256:27f782f3513ac88ec9b6c82d9767eef95a5cf4175ce88a1e5a65875fee799608", size = 3159099, upload-time = "2025-11-14T10:21:24.31Z" }
wheels = [
    { url = "https://files.pythonhosted.org/packages/4a/00/96249c5c7e5aaca5f688ca18b8d8ad05cd7886ebd639b3c71a6a4cadbe75/pyobjc_framework_quartz-12.1-cp314-cp314-macosx_10_15_universal2.whl", hash = "sha256:42d306b07f05ae7d155984503e0fb1b701fecd31dcc5c79fe8ab9790ff7e0de0", size = 219558, upload-time = "2025-11-14T10:00:45.476Z" },
    { url = "https://files.pythonhosted.org/packages/4d/a6/708a55f3ff7a18c403b30a29a11dccfed0410485a7548c60a4b6d4cc0676/pyobjc_framework_quartz-12.1-cp314-cp314t-macosx_10_15_universal2.whl", hash = "sha256:0cc08fddb339b2760df60dea1057453557588908e42bdc62184b6396ce2d6e9a", size = 224580, upload-time = "2025-11-14T10:01:00.091Z" },
]

[[package]]
name = "pyobjc-framework-security"
version = "12.1"
source = { registry = "https://pypi.org/simple" }
dependencies = [
    { name = "pyobjc-core" },
    { name = "pyobjc-framework-cocoa" },
]
sdist = { url = "https://files.pythonhosted.org/packages/80/aa/796e09a3e3d5cee32ebeebb7dcf421b48ea86e28c387924608a05e3f668b/pyobjc_framework_security-12.1.tar.gz", hash = "sha256:7fecb982bd2f7c4354513faf90ba4c53c190b7e88167984c2d0da99741de6da9", size = 168044, upload-time = "2025-11-14T10:22:06.334Z" }
wheels = [
    { url = "https://files.pythonhosted.org/packages/66/4d/63c15f9449c191e7448a05ff8af4a82c39a51bb627bc96dc9697586c0f79/pyobjc_framework_security-12.1-cp314-cp314-macosx_10_15_universal2.whl", hash = "sha256:6319a34508fd87ab6ca3cda6f54e707196197a65b792b292705af967e225438a", size = 41348, upload-time = "2025-11-14T10:03:08.926Z" },
    { url = "https://files.pythonhosted.org/packages/1a/d8/5aaa2a8124ed04a9d6ca7053dc0fa64e42be51497ed8263a24b744a95598/pyobjc_framework_security-12.1-cp314-cp314t-macosx_10_15_universal2.whl", hash = "sha256:03d166371cefdef24908825148eb848f99ee2c0b865870a09dcbb94334dd3e0a", size = 42908, upload-time = "2025-11-14T10:03:13.01Z" },
]

[[package]]
name = "pyobjc-framework-uniformtypeidentifiers"
version = "12.1"
source = { registry = "https://pypi.org/simple" }
dependencies = [
    { name = "pyobjc-core" },
    { name = "pyobjc-framework-cocoa" },
]
sdist = { url = "https://files.pythonhosted.org/packages/65/b8/dd9d2a94509a6c16d965a7b0155e78edf520056313a80f0cd352413f0d0b/pyobjc_framework_uniformtypeidentifiers-12.1.tar.gz", hash = "sha256:64510a6df78336579e9c39b873cfcd03371c4b4be2cec8af75a8a3d07dff607d", size = 17030, upload-time = "2025-11-14T10:23:02.222Z" }
wheels = [
    { url = "https://files.pythonhosted.org/packages/4e/5f/1f10f5275b06d213c9897850f1fca9c881c741c1f9190cea6db982b71824/pyobjc_framework_uniformtypeidentifiers-12.1-py2.py3-none-any.whl", hash = "sha256:ec5411e39152304d2a7e0e426c3058fa37a00860af64e164794e0bcffee813f2", size = 4901, upload-time = "2025-11-14T10:05:51.532Z" },
]

[[package]]
name = "pyobjc-framework-webkit"
version = "12.1"
source = { registry = "https://pypi.org/simple" }
dependencies = [
    { name = "pyobjc-core" },
    { name = "pyobjc-framework-cocoa" },
]
sdist = { url = "https://files.pythonhosted.org/packages/14/10/110a50e8e6670765d25190ca7f7bfeecc47ec4a8c018cb928f4f82c56e04/pyobjc_framework_webkit-12.1.tar.gz", hash = "sha256:97a54dd05ab5266bd4f614e41add517ae62cdd5a30328eabb06792474b37d82a", size = 284531, upload-time = "2025-11-14T10:23:40.287Z" }
wheels = [
    { url = "https://files.pythonhosted.org/packages/3b/ac/924878f239c167ffe3bfc643aee4d6dd5b357e25f6b28db227e40e9e6df3/pyobjc_framework_webkit-12.1-cp314-cp314-macosx_10_15_universal2.whl", hash = "sha256:99d0d28542a266a95ee2585f51765c0331794bca461aaf4d1f5091489d475179", size = 50210, upload-time = "2025-11-14T10:07:18.926Z" },
    { url = "https://files.pythonhosted.org/packages/2d/86/637cda4983dc0936b73a385f3906256953ac434537b812814cb0b6d231a2/pyobjc_framework_webkit-12.1-cp314-cp314t-macosx_10_15_universal2.whl", hash = "sha256:1aaa3bf12c7b68e1a36c0b294d2728e06f2cc220775e6dc4541d5046290e4dc8", size = 50680, upload-time = "2025-11-14T10:07:23.331Z" },
]

[[package]]
name = "pyqt6"
version = "6.10.2"
source = { registry = "https://pypi.org/simple" }
dependencies = [
    { name = "pyqt6-qt6" },
    { name = "pyqt6-sip" },
]
sdist = { url = "https://files.pythonhosted.org/packages/96/03/e756f52e8b0d7bb5527baf8c46d59af0746391943bdb8655acba22ee4168/pyqt6-6.10.2.tar.gz", hash = "sha256:6c0db5d8cbb9a3e7e2b5b51d0ff3f283121fa27b864db6d2f35b663c9be5cc83", size = 1085573, upload-time = "2026-01-08T16:40:00.244Z" }
wheels = [
    { url = "https://files.pythonhosted.org/packages/fb/3f/f073a980969aa485ef288eb2e3b94c223ba9c7ac9941543f19b51659b98d/pyqt6-6.10.2-cp39-abi3-macosx_10_14_universal2.whl", hash = "sha256:37ae7c1183fe4dd0c6aefd2006a35731245de1cb6f817bb9e414a3e4848dfd6d", size = 60244482, upload-time = "2026-01-08T16:38:50.837Z" },
    { url = "https://files.pythonhosted.org/packages/ec/3e/9a015651ec71cea2e2f960c37edeb21623ba96a74956c0827def837f7c6b/pyqt6-6.10.2-cp39-abi3-manylinux_2_34_x86_64.whl", hash = "sha256:78e1b3d5763e4cbc84485aef600e0aba5e1932fd263b716f92cd1a40dfa5e924", size = 37899440, upload-time = "2026-01-08T16:39:09.027Z" },
    { url = "https://files.pythonhosted.org/packages/51/74/a88fec2b99700270ca5d7dc7d650236a4990ed6fc88e055ca0fc8a339ee3/pyqt6-6.10.2-cp39-abi3-manylinux_2_39_aarch64.whl", hash = "sha256:bbc3af541bbecd27301bfe69fe445aa1611a9b490bd3de77306b12df632f7ec6", size = 40748467, upload-time = "2026-01-08T16:39:29.551Z" },
    { url = "https://files.pythonhosted.org/packages/75/34/be7a55529607b21db00a49ca53cb07c3092d2a5a95ea19bb95cfa0346904/pyqt6-6.10.2-cp39-abi3-win_amd64.whl", hash = "sha256:bd328cb70bc382c48861cd5f0a11b2b8ae6f5692d5a2d6679ba52785dced327b", size = 26015391, upload-time = "2026-01-08T16:39:42.946Z" },
    { url = "https://files.pythonhosted.org/packages/af/de/d9c88f976602b7884fec4ad54a4575d48e23e4f390e5357ea83917358846/pyqt6-6.10.2-cp39-abi3-win_arm64.whl", hash = "sha256:7901ba1df024b7ee9fdacfb2b7661aeb3749ae8b0bef65428077de3e0450eabb", size = 26208415, upload-time = "2026-01-08T16:39:57.751Z" },
]

[[package]]
name = "pyqt6-qt6"
version = "6.10.1"
source = { registry = "https://pypi.org/simple" }
wheels = [
    { url = "https://files.pythonhosted.org/packages/54/1b/137184632cad83a210e7955226744a77945260ca2e75892fe36299d26ada/pyqt6_qt6-6.10.1-py3-none-macosx_10_14_x86_64.whl", hash = "sha256:4bb2798a95f624b462b70c4f185422235b714b01e55abab32af1740f147948e2", size = 68472463, upload-time = "2025-11-27T14:20:51.694Z" },
    { url = "https://files.pythonhosted.org/packages/af/df/ca795ac3d04243ad63499cfedcf92d8b5f6e3585a2a26c09f34cb58c8e44/pyqt6_qt6-6.10.1-py3-none-macosx_11_0_arm64.whl", hash = "sha256:0921cc522512cb40dbab673806bc1676924819550e0aec8e3f3fe6907387c5b7", size = 62296168, upload-time = "2025-11-27T14:21:21.232Z" },
    { url = "https://files.pythonhosted.org/packages/f4/7e/9867361252e2a4717dba95c64a0f3a793603f4a52cb9a46abbb041e960f5/pyqt6_qt6-6.10.1-py3-none-manylinux_2_34_x86_64.whl", hash = "sha256:04069aea421703b1269c8a1bcf017e36463af284a044239a4ebda3bde0a629fb", size = 83829262, upload-time = "2025-11-27T14:22:00.399Z" },
    { url = "https://files.pythonhosted.org/packages/9b/7b/18f4eb2273a92283fe4d87aa740a400eb14a4e41b8f990aaf563e9767db6/pyqt6_qt6-6.10.1-py3-none-manylinux_2_39_aarch64.whl", hash = "sha256:5b9be39e0120e32d0b42cdb844e3ae110ddadd39629c991e511902c06f155aff", size = 82877396, upload-time = "2025-11-27T14:22:36.994Z" },
    { url = "https://files.pythonhosted.org/packages/53/5c/648c515d57bc82909d0597befb03bbc2f7a570f323dba3ad38629669efcb/pyqt6_qt6-6.10.1-py3-none-win_amd64.whl", hash = "sha256:df564d3dc2863b1fde22b39bea9f56ceb2a3ed7d6f0b76d3f96c2d3bc5d71516", size = 76670151, upload-time = "2025-11-27T14:23:11.172Z" },
    { url = "https://files.pythonhosted.org/packages/0a/13/2d2a9c0559bfa53effea5e2c1ed7aebb430186ce0b64cfba235231a049d9/pyqt6_qt6-6.10.1-py3-none-win_arm64.whl", hash = "sha256:48282e0f99682daf4f1e220cfe9f41255e003af38f7728a30d40c76e55c89816", size = 58276316, upload-time = "2025-11-27T14:23:38.744Z" },
]

[[package]]
name = "pyqt6-sip"
version = "13.10.3"
source = { registry = "https://pypi.org/simple" }
sdist = { url = "https://files.pythonhosted.org/packages/0d/e9/d1b97154cec1d6c8a3d93fb6565d1463bc528fa5103491d626d07a451c7c/pyqt6_sip-13.10.3.tar.gz", hash = "sha256:630895b3827e2c3b4e072089157985691fe4210d64340e71141f93775ea4ae51", size = 92621, upload-time = "2025-12-06T13:19:44.569Z" }
wheels = [
    { url = "https://files.pythonhosted.org/packages/a1/70/a22362c2632d07d8e29431418e0485f12a41b3c4844f15b60ca5a969e01c/pyqt6_sip-13.10.3-cp314-cp314-macosx_10_15_universal2.whl", hash = "sha256:eb7afe41329ce2eca99118f01776a047a2a150c550258dff1746505af223f997", size = 112432, upload-time = "2025-12-06T13:19:39.153Z" },
    { url = "https://files.pythonhosted.org/packages/25/72/e0a7e4489ea5b948aef707a7d76baf6722a65aabd7e4d3c253583eb6b268/pyqt6_sip-13.10.3-cp314-cp314-manylinux1_x86_64.manylinux_2_5_x86_64.whl", hash = "sha256:6122fe4ccba5a5023581c2c3c57deab6eab56d8e931beec20b05666a46a38e6a", size = 301341, upload-time = "2025-12-06T13:19:41.642Z" },
    { url = "https://files.pythonhosted.org/packages/1f/43/0a648469a7e4f07df1c4ad6443f892e55631f24f7af30c7c946e458a82d1/pyqt6_sip-13.10.3-cp314-cp314-manylinux_2_17_aarch64.manylinux2014_aarch64.whl", hash = "sha256:3286a98e93608d51048e9046f557117424c8366be266b33ff852ee54ffa7b9bf", size = 324062, upload-time = "2025-12-06T13:19:40.308Z" },
    { url = "https://files.pythonhosted.org/packages/f3/0d/67d2095a932c007210437318c31fbc8376deb4e4491907861c4b9ac4ad9e/pyqt6_sip-13.10.3-cp314-cp314-win_amd64.whl", hash = "sha256:4fc6229ba7276266e3805b5517e7413cba79538f0c3ce7d2042a2027a90f99cf", size = 55076, upload-time = "2025-12-06T13:19:42.61Z" },
    { url = "https://files.pythonhosted.org/packages/f8/cd/f121be0271dc73d54f3580584103c046a8d2c06a2686b594b77fd677a5ef/pyqt6_sip-13.10.3-cp314-cp314-win_arm64.whl", hash = "sha256:efef47667ca009557d7ecf985b15f0bf440584fd634ee0eab19ec296effc7cca", size = 49464, upload-time = "2025-12-06T13:19:43.638Z" },
]

[[package]]
name = "pyqt6-webengine"
version = "6.10.0"
source = { registry = "https://pypi.org/simple" }
dependencies = [
    { name = "pyqt6" },
    { name = "pyqt6-sip" },
    { name = "pyqt6-webengine-qt6" },
]
sdist = { url = "https://files.pythonhosted.org/packages/5f/5d/355dfe41246c611e861a1e88b43173b57c1b56a550bea12cfeaafbc7e6b6/pyqt6_webengine-6.10.0.tar.gz", hash = "sha256:267d27275d0c79ae270bca4b03520a41fa7e85c2a4d9632da8cb9cc233a55ad1", size = 37053, upload-time = "2025-10-22T12:08:54.709Z" }
wheels = [
    { url = "https://files.pythonhosted.org/packages/7b/d6/dd16a44378deecaeea747eb85c3cb816ac5bc30ea8622d647588415f57ad/pyqt6_webengine-6.10.0-1-cp39-abi3-manylinux_2_34_x86_64.whl", hash = "sha256:95dc3c0c36c0e4eb4024e4fdbcfa1c5593a88e16de1563431a422084bec26974", size = 1305797, upload-time = "2025-10-24T18:33:34.249Z" },
    { url = "https://files.pythonhosted.org/packages/10/33/93edafa15fb76d1949adf9a035676c074bd8c4335f81ea1e1f20a7c47f68/pyqt6_webengine-6.10.0-cp39-abi3-macosx_10_14_universal2.whl", hash = "sha256:13d25cb332f553f7e811532e34bd82c811590b5fef553926b13c854548523112", size = 2374354, upload-time = "2025-10-22T12:08:48.249Z" },
    { url = "https://files.pythonhosted.org/packages/0a/43/bfb9b8faa50f6b94d34881303777225b255a081f95df1b177002598ef22b/pyqt6_webengine-6.10.0-cp39-abi3-manylinux_2_34_x86_64.whl", hash = "sha256:9911b7b3995bc1cff8fec142c2817ee0bbdbaea18b94aebaa6bc23e13941d0b2", size = 1336461, upload-time = "2025-10-22T12:08:50.038Z" },
    { url = "https://files.pythonhosted.org/packages/16/6d/0964bc6674f00f1a8161f3c2d26ce1507b73b5a09361c204002b1a32512d/pyqt6_webengine-6.10.0-cp39-abi3-manylinux_2_39_aarch64.whl", hash = "sha256:cd2c24ab5ee9142fc34b8a21e12255dcf61bdc15aff3eccd00b1cb91a1b1fbf8", size = 1430142, upload-time = "2025-10-22T12:08:51.318Z" },
    { url = "https://files.pythonhosted.org/packages/7d/2f/3239e1f5a6c063937a8a4c6ad7f4899367d20bc7ee3f655c54b11ca7096e/pyqt6_webengine-6.10.0-cp39-abi3-win_amd64.whl", hash = "sha256:3794edbefd62ae95cd5e760b7a91b7b6473e83b635ad3f3c4a78e58c95e1e460", size = 866181, upload-time = "2025-10-22T12:08:52.484Z" },
    { url = "https://files.pythonhosted.org/packages/d0/e9/6567e64cf5716f3c475495201b991407ad2ee01125199f60f45271925152/pyqt6_webengine-6.10.0-cp39-abi3-win_arm64.whl", hash = "sha256:65e74dbe7a3a0c746e7ec68718f1937368cb10c1f8a242335577f6710f8f94bd", size = 861061, upload-time = "2025-10-22T12:08:53.731Z" },
]

[[package]]
name = "pyqt6-webengine-qt6"
version = "6.10.1"
source = { registry = "https://pypi.org/simple" }
wheels = [
    { url = "https://files.pythonhosted.org/packages/7e/43/74b238c03741848b0ef0323e2a1b5c10e783b251b1e8dc006e35ea7db91a/pyqt6_webengine_qt6-6.10.1-py3-none-macosx_10_14_x86_64.whl", hash = "sha256:2709583bc9be99dd523fe7157ce018a35e1e4206a7e0008274f126c12ecd79d1", size = 122712662, upload-time = "2025-11-27T14:27:08.122Z" },
    { url = "https://files.pythonhosted.org/packages/09/d4/22c079e19319c73558f7f1b869b6cb952549e4599a9342b5cda84e97ebba/pyqt6_webengine_qt6-6.10.1-py3-none-macosx_11_0_arm64.whl", hash = "sha256:e1d5f46e90259d02e809dbf9c3e57f58c64da260f8abdad9530e5b5444184306", size = 109529132, upload-time = "2025-11-27T14:27:56.16Z" },
    { url = "https://files.pythonhosted.org/packages/47/75/e678f19d4913d12837dd94b50e66e3f41ad87522b4ae328b11b3edf0997a/pyqt6_webengine_qt6-6.10.1-py3-none-manylinux_2_34_x86_64.whl", hash = "sha256:ca1404eb035e3343fc1b88bd418f47fed4fe907012812788902598783c582901", size = 113905746, upload-time = "2025-11-27T14:28:45.491Z" },
    { url = "https://files.pythonhosted.org/packages/8a/27/6be0c921777ec5db9548edfb1f891f53166f85db63e532ef0d8ba124da71/pyqt6_webengine_qt6-6.10.1-py3-none-manylinux_2_39_aarch64.whl", hash = "sha256:76545e9b104802140db344c7bb513a8d732e80f68dc16d158f7fb11feaa28eaa", size = 109504644, upload-time = "2025-11-27T14:29:33.403Z" },
    { url = "https://files.pythonhosted.org/packages/35/6d/ee4a1008b8137d392ee3c4cd3816e00cd60fbb645b0aafa88923d96c1176/pyqt6_webengine_qt6-6.10.1-py3-none-win_amd64.whl", hash = "sha256:5a572b7f96edc98e457e652c380f9c605e1112532723932fa01d2625f331121e", size = 130615208, upload-time = "2025-11-27T14:30:38.142Z" },
    { url = "https://files.pythonhosted.org/packages/e2/ae/e7bd509ea026cc6c9ac0435a5fb7dbc182279094f10c488d59a774354aec/pyqt6_webengine_qt6-6.10.1-py3-none-win_arm64.whl", hash = "sha256:50b8f2be23b4989abb6f62b19f7ca80dd4f1d48e46e954ba63fd4d5de3ef856e", size = 112832551, upload-time = "2025-11-27T14:31:28.191Z" },
]

[[package]]
name = "pythonnet"
version = "3.0.5"
source = { registry = "https://pypi.org/simple" }
dependencies = [
    { name = "clr-loader" },
]
sdist = { url = "https://files.pythonhosted.org/packages/9a/d6/1afd75edd932306ae9bd2c2d961d603dc2b52fcec51b04afea464f1f6646/pythonnet-3.0.5.tar.gz", hash = "sha256:48e43ca463941b3608b32b4e236db92d8d40db4c58a75ace902985f76dac21cf", size = 239212, upload-time = "2024-12-13T08:30:44.393Z" }
wheels = [
    { url = "https://files.pythonhosted.org/packages/cd/f1/bfb6811df4745f92f14c47a29e50e89a36b1533130fcc56452d4660bd2d6/pythonnet-3.0.5-py3-none-any.whl", hash = "sha256:f6702d694d5d5b163c9f3f5cc34e0bed8d6857150237fae411fefb883a656d20", size = 297506, upload-time = "2024-12-13T08:30:40.661Z" },
]

[[package]]
name = "pywebview"
version = "6.1"
source = { registry = "https://pypi.org/simple" }
dependencies = [
    { name = "bottle" },
    { name = "proxy-tools" },
    { name = "pyobjc-core", marker = "sys_platform == 'darwin'" },
    { name = "pyobjc-framework-cocoa", marker = "sys_platform == 'darwin'" },
    { name = "pyobjc-framework-quartz", marker = "sys_platform == 'darwin'" },
    { name = "pyobjc-framework-security", marker = "sys_platform == 'darwin'" },
    { name = "pyobjc-framework-uniformtypeidentifiers", marker = "sys_platform == 'darwin'" },
    { name = "pyobjc-framework-webkit", marker = "sys_platform == 'darwin'" },
    { name = "pythonnet", marker = "sys_platform == 'win32'" },
    { name = "qtpy", marker = "sys_platform == 'openbsd6'" },
    { name = "typing-extensions" },
]
sdist = { url = "https://files.pythonhosted.org/packages/64/09/75cf92c4db19350ddb084d841e352ce30e89668815d0494d1dd595c85469/pywebview-6.1.tar.gz", hash = "sha256:f0b95047860caf3d921581f9e16b4edb1a125b23e2ce691c4da2968f8b160ff2", size = 496270, upload-time = "2025-10-21T18:02:44.323Z" }
wheels = [
    { url = "https://files.pythonhosted.org/packages/74/12/ce9006cdcc1834378826b5c0d4b554d899cd25ac9c665569d060f220b0e1/pywebview-6.1-py3-none-any.whl", hash = "sha256:2b552a340557e76a740b045a25937f72dae751e0985d5f5d9556f697ba622ec5", size = 511255, upload-time = "2025-10-21T18:02:42.377Z" },
]

[package.optional-dependencies]
gtk = [
    { name = "pygobject" },
    { name = "pygobject-stubs" },
]
qt = [
    { name = "pyqt6" },
    { name = "pyqt6-webengine" },
    { name = "qtpy" },
]

[[package]]
name = "qtpy"
version = "2.4.3"
source = { registry = "https://pypi.org/simple" }
dependencies = [
    { name = "packaging" },
]
sdist = { url = "https://files.pythonhosted.org/packages/70/01/392eba83c8e47b946b929d7c46e0f04b35e9671f8bb6fc36b6f7945b4de8/qtpy-2.4.3.tar.gz", hash = "sha256:db744f7832e6d3da90568ba6ccbca3ee2b3b4a890c3d6fbbc63142f6e4cdf5bb", size = 66982, upload-time = "2025-02-11T15:09:25.759Z" }
wheels = [
    { url = "https://files.pythonhosted.org/packages/69/76/37c0ccd5ab968a6a438f9c623aeecc84c202ab2fabc6a8fd927580c15b5a/QtPy-2.4.3-py3-none-any.whl", hash = "sha256:72095afe13673e017946cc258b8d5da43314197b741ed2890e563cf384b51aa1", size = 95045, upload-time = "2025-02-11T15:09:24.162Z" },
]

[[package]]
name = "rich"
version = "14.2.0"
source = { registry = "https://pypi.org/simple" }
dependencies = [
    { name = "markdown-it-py" },
    { name = "pygments" },
]
sdist = { url = "https://files.pythonhosted.org/packages/fb/d2/8920e102050a0de7bfabeb4c4614a49248cf8d5d7a8d01885fbb24dc767a/rich-14.2.0.tar.gz", hash = "sha256:73ff50c7c0c1c77c8243079283f4edb376f0f6442433aecb8ce7e6d0b92d1fe4", size = 219990, upload-time = "2025-10-09T14:16:53.064Z" }
wheels = [
    { url = "https://files.pythonhosted.org/packages/25/7a/b0178788f8dc6cafce37a212c99565fa1fe7872c70c6c9c1e1a372d9d88f/rich-14.2.0-py3-none-any.whl", hash = "sha256:76bc51fe2e57d2b1be1f96c524b890b816e334ab4c1e45888799bfaab0021edd", size = 243393, upload-time = "2025-10-09T14:16:51.245Z" },
]

[[package]]
name = "tomlkit"
version = "0.13.3"
source = { registry = "https://pypi.org/simple" }
sdist = { url = "https://files.pythonhosted.org/packages/cc/18/0bbf3884e9eaa38819ebe46a7bd25dcd56b67434402b66a58c4b8e552575/tomlkit-0.13.3.tar.gz", hash = "sha256:430cf247ee57df2b94ee3fbe588e71d362a941ebb545dec29b53961d61add2a1", size = 185207, upload-time = "2025-06-05T07:13:44.947Z" }
wheels = [
    { url = "https://files.pythonhosted.org/packages/bd/75/8539d011f6be8e29f339c42e633aae3cb73bffa95dd0f9adec09b9c58e85/tomlkit-0.13.3-py3-none-any.whl", hash = "sha256:c89c649d79ee40629a9fda55f8ace8c6a1b42deb912b2a8fd8d942ddadb606b0", size = 38901, upload-time = "2025-06-05T07:13:43.546Z" },
]

[[package]]
name = "typing-extensions"
version = "4.15.0"
source = { registry = "https://pypi.org/simple" }
sdist = { url = "https://files.pythonhosted.org/packages/72/94/1a15dd82efb362ac84269196e94cf00f187f7ed21c242792a923cdb1c61f/typing_extensions-4.15.0.tar.gz", hash = "sha256:0cea48d173cc12fa28ecabc3b837ea3cf6f38c6d1136f85cbaaf598984861466", size = 109391, upload-time = "2025-08-25T13:49:26.313Z" }
wheels = [
    { url = "https://files.pythonhosted.org/packages/18/67/36e9267722cc04a6b9f15c7f3441c2363321a3ea07da7ae0c0707beb2a9c/typing_extensions-4.15.0-py3-none-any.whl", hash = "sha256:f0fa19c6845758ab08074a0cfa8b7aecb71c999ca73d62883bc25cc018c4e548", size = 44614, upload-time = "2025-08-25T13:49:24.86Z" },
]
